
Microsoft Visual Studio Solution File, Format Version 12.00
# Visual Studio Version 16
VisualStudioVersion = 16.0.31729.503
MinimumVisualStudioVersion = 10.0.40219.1
Project("{FAE04EC0-301F-11D3-BF4B-00C04F79EFBC}") = "IMC", "IMC\IMC.csproj", "{1C0C35D0-9BC3-49ED-AFB0-B51665C7841B}"
EndProject
Global
	GlobalSection(SolutionConfigurationPlatforms) = preSolution
		Debug|Any CPU = Debug|Any CPU
		Release|Any CPU = Release|Any CPU
	EndGlobalSection
	GlobalSection(ProjectConfigurationPlatforms) = postSolution
		{1C0C35D0-9BC3-49ED-AFB0-B51665C7841B}.Debug|Any CPU.ActiveCfg = Debug|Any CPU
		{1C0C35D0-9BC3-49ED-AFB0-B51665C7841B}.Debug|Any CPU.Build.0 = Debug|Any CPU
		{1C0C35D0-9BC3-49ED-AFB0-B51665C7841B}.Release|Any CPU.ActiveCfg = Release|Any CPU
		{1C0C35D0-9BC3-49ED-AFB0-B51665C7841B}.Release|Any CPU.Build.0 = Release|Any CPU
	EndGlobalSection
	GlobalSection(SolutionProperties) = preSolution
		HideSolutionNode = FALSE
	EndGlobalSection
	GlobalSection(ExtensibilityGlobals) = postSolution
		SolutionGuid = {12860F1C-11F4-47E7-81AE-A84D21B14102}
	EndGlobalSection
EndGlobal
